
Microsoft Visual Studio Solution File, Format Version 12.00
# Visual Studio Version 17
VisualStudioVersion = 17.11.35327.3
MinimumVisualStudioVersion = 10.0.40219.1
Project("{FAE04EC0-301F-11D3-BF4B-00C04F79EFBC}") = "Zal", "Zal\Zal.csproj", "{CE867F95-D0CD-498E-8144-D8385B0BC1AF}"
EndProject
Global
	GlobalSection(SolutionConfigurationPlatforms) = preSolution
		Debug|Any CPU = Debug|Any CPU
		Release|Any CPU = Release|Any CPU
	EndGlobalSection
	GlobalSection(ProjectConfigurationPlatforms) = postSolution
		{CE867F95-D0CD-498E-8144-D8385B0BC1AF}.Debug|Any CPU.ActiveCfg = Debug|Any CPU
		{CE867F95-D0CD-498E-8144-D8385B0BC1AF}.Debug|Any CPU.Build.0 = Debug|Any CPU
		{CE867F95-D0CD-498E-8144-D8385B0BC1AF}.Release|Any CPU.ActiveCfg = Release|Any CPU
		{CE867F95-D0CD-498E-8144-D8385B0BC1AF}.Release|Any CPU.Build.0 = Release|Any CPU
	EndGlobalSection
	GlobalSection(SolutionProperties) = preSolution
		HideSolutionNode = FALSE
	EndGlobalSection
	GlobalSection(ExtensibilityGlobals) = postSolution
		SolutionGuid = {F885322A-5463-4F56-944F-F98CFA5DBE82}
	EndGlobalSection
EndGlobal
